{
  "name": "rideshare-application",
  "version": "0.0.0",
  "lockfileVersion": 1,
  "requires": true,
  "dependencies": {
    "blueimp-canvas-to-blob": {
      "version": "3.28.0",
      "resolved": "https://registry.npmjs.org/blueimp-canvas-to-blob/-/blueimp-canvas-to-blob-3.28.0.tgz",
      "integrity": "sha512-5q+YHzgGsuHQ01iouGgJaPJXod2AzTxJXmVv90PpGrRxU7G7IqgPqWXz+PBmt3520jKKi6irWbNV87DicEa7wg=="
    },
    "compressorjs": {
      "version": "1.0.7",
      "resolved": "https://registry.npmjs.org/compressorjs/-/compressorjs-1.0.7.tgz",
      "integrity": "sha512-ca+H8CGrn0LG103//VQmXBbNdvzvHiW26LGdWncp4RmLNbNQjaaFWIUxMN9++hbhGobLtofkHoxzzXGisNyD3w==",
      "requires": {
        "blueimp-canvas-to-blob": "^3.28.0",
        "is-blob": "^2.1.0"
      }
    },
    "is-blob": {
      "version": "2.1.0",
      "resolved": "https://registry.npmjs.org/is-blob/-/is-blob-2.1.0.tgz",
      "integrity": "sha512-SZ/fTft5eUhQM6oF/ZaASFDEdbFVe89Imltn9uZr03wdKMcWNVYSMjQPFtg05QuNkt5l5c135ElvXEQG0rk4tw=="
    }
  }
}
